<Solution>
  <Project Path="ProjectHub.Application/ProjectHub.Application.csproj" />
  <Project Path="ProjectHub.Core/ProjectHub.Core.csproj" />
  <Project Path="ProjectHub.Domain/ProjectHub.Domain.csproj" />
  <Project Path="ProjectHub.Infrastructure/ProjectHub.Infrastructure.csproj" />
  <Project Path="ProjectHub.Presentation.Wpf/ProjectHub.Presentation.Wpf.csproj" />
</Solution>
